
Microsoft Visual Studio Solution File, Format Version 12.00
# Visual Studio Version 16
VisualStudioVersion = 16.0.31129.286
MinimumVisualStudioVersion = 10.0.40219.1
Project("{9A19103F-16F7-4668-BE54-9A1E7A4F7556}") = "CertificationProject", "CertificationProject.csproj", "{A4B8265C-33D5-4EE5-9F28-6BB6C3272DB0}"
EndProject
Project("{9A19103F-16F7-4668-BE54-9A1E7A4F7556}") = "RockyShop", "..\..\RockyShop\RockyShop\RockyShop.csproj", "{312F7C95-697E-41DB-9240-11E85FB5441C}"
EndProject
Global
	GlobalSection(SolutionConfigurationPlatforms) = preSolution
		Debug|Any CPU = Debug|Any CPU
		Release|Any CPU = Release|Any CPU
	EndGlobalSection
	GlobalSection(ProjectConfigurationPlatforms) = postSolution
		{A4B8265C-33D5-4EE5-9F28-6BB6C3272DB0}.Debug|Any CPU.ActiveCfg = Debug|Any CPU
		{A4B8265C-33D5-4EE5-9F28-6BB6C3272DB0}.Debug|Any CPU.Build.0 = Debug|Any CPU
		{A4B8265C-33D5-4EE5-9F28-6BB6C3272DB0}.Release|Any CPU.ActiveCfg = Release|Any CPU
		{A4B8265C-33D5-4EE5-9F28-6BB6C3272DB0}.Release|Any CPU.Build.0 = Release|Any CPU
		{312F7C95-697E-41DB-9240-11E85FB5441C}.Debug|Any CPU.ActiveCfg = Debug|Any CPU
		{312F7C95-697E-41DB-9240-11E85FB5441C}.Debug|Any CPU.Build.0 = Debug|Any CPU
		{312F7C95-697E-41DB-9240-11E85FB5441C}.Release|Any CPU.ActiveCfg = Release|Any CPU
		{312F7C95-697E-41DB-9240-11E85FB5441C}.Release|Any CPU.Build.0 = Release|Any CPU
	EndGlobalSection
	GlobalSection(SolutionProperties) = preSolution
		HideSolutionNode = FALSE
	EndGlobalSection
	GlobalSection(ExtensibilityGlobals) = postSolution
		SolutionGuid = {E9F99808-F1AA-4B37-A074-EE84D892182D}
	EndGlobalSection
EndGlobal
